
Microsoft Visual Studio Solution File, Format Version 12.00
# Visual Studio Version 17
VisualStudioVersion = 17.8.34330.188
MinimumVisualStudioVersion = 10.0.40219.1
Project("{9A19103F-16F7-4668-BE54-9A1E7A4F7556}") = "JOKER.NetE", "..\LaoZhangDeZheXue\JOKER.NetE\JOKER.NetE.csproj", "{E57F313F-AA50-4374-97B6-6938BB7F13A5}"
EndProject
Project("{2150E333-8FDC-42A3-9474-1A3956D46DE8}") = "Laozhang", "Laozhang", "{C0BE8942-6725-4701-9463-BBB3F8C06D53}"
EndProject
Project("{9A19103F-16F7-4668-BE54-9A1E7A4F7556}") = "JOKER.NetE.Common", "..\LaoZhangDeZheXue\JOKER.NetE.Common\JOKER.NetE.Common.csproj", "{85D48980-2A4D-41FF-B1D3-6AD9F0FB68A8}"
EndProject
Project("{9A19103F-16F7-4668-BE54-9A1E7A4F7556}") = "JOKER.NetE.Model", "..\LaoZhangDeZheXue\JOKER.NetE.Model\JOKER.NetE.Model.csproj", "{C0DC2C21-D916-4BED-93A3-28B76A7B3A45}"
EndProject
Project("{9A19103F-16F7-4668-BE54-9A1E7A4F7556}") = "JOKER.NetE.Repository", "..\LaoZhangDeZheXue\JOKER.NetE.Repository\JOKER.NetE.Repository.csproj", "{BF376781-0888-4E59-8048-EDA8D8359007}"
EndProject
Project("{9A19103F-16F7-4668-BE54-9A1E7A4F7556}") = "JOKER.NetE.IService", "..\LaoZhangDeZheXue\JOKER.NetE.IService\JOKER.NetE.IService.csproj", "{CAF972D6-0278-440A-B643-8CABDBFF0DBE}"
EndProject
Project("{9A19103F-16F7-4668-BE54-9A1E7A4F7556}") = "JOKER.NetE.Service", "..\LaoZhangDeZheXue\JOKER.NetE.Service\JOKER.NetE.Service.csproj", "{6C2BC74F-8AB7-42B2-8AC3-208917787E50}"
EndProject
Project("{9A19103F-16F7-4668-BE54-9A1E7A4F7556}") = "JOKER.NetE.Extension", "..\LaoZhangDeZheXue\JOKER.NetE.Extension\JOKER.NetE.Extension.csproj", "{306A3CC5-446D-4425-B055-C42595440A12}"
EndProject
Project("{2150E333-8FDC-42A3-9474-1A3956D46DE8}") = "EProducts", "EProducts", "{EBF9396F-5BF1-4DEF-938A-6999A492012E}"
EndProject
Project("{9A19103F-16F7-4668-BE54-9A1E7A4F7556}") = "Product.WebAPI", "..\EProductSystem\Product.WebAPI\Product.WebAPI.csproj", "{0D15DF9C-74E2-442A-85C9-024D5A203631}"
EndProject
Project("{9A19103F-16F7-4668-BE54-9A1E7A4F7556}") = "Product.Domain", "..\EProductSystem\Product.Domain\Product.Domain.csproj", "{A99BC844-5C6F-471C-AEE0-C3B7D956B3AB}"
EndProject
Project("{9A19103F-16F7-4668-BE54-9A1E7A4F7556}") = "Product.Infrastructure", "..\EProductSystem\Product.Infrastructure\Product.Infrastructure.csproj", "{E22CAA35-EE7D-4B4D-9F87-BAE556026285}"
EndProject
Project("{2150E333-8FDC-42A3-9474-1A3956D46DE8}") = "User", "User", "{1FFA99E9-CA5B-4C91-A779-9564BAD98A17}"
EndProject
Project("{2150E333-8FDC-42A3-9474-1A3956D46DE8}") = "Product", "Product", "{92F6EE5D-B2A3-4786-9FF2-91F7015D7A20}"
EndProject
Project("{9A19103F-16F7-4668-BE54-9A1E7A4F7556}") = "User.WebAPI", "..\EProductSystem\User.WebAPI\User.WebAPI.csproj", "{0FECE6A7-DC93-4852-ADF7-044AF6606E2C}"
EndProject
Project("{9A19103F-16F7-4668-BE54-9A1E7A4F7556}") = "User.Domain", "..\EProductSystem\User.Domain\User.Domain.csproj", "{377E228F-922E-4E1D-AB5E-049C7D7BE8F1}"
EndProject
Project("{9A19103F-16F7-4668-BE54-9A1E7A4F7556}") = "User.Infrastructure", "..\EProductSystem\User.Infrastructure\User.Infrastructure.csproj", "{953F1396-951D-46AA-B822-800D2DF6C2B6}"
EndProject
Project("{2150E333-8FDC-42A3-9474-1A3956D46DE8}") = "Common", "Common", "{F9D034ED-814E-4D11-9168-5096568553B5}"
EndProject
Project("{9A19103F-16F7-4668-BE54-9A1E7A4F7556}") = "Common.Jwt", "..\EProductSystem\Common.Jwt\Common.Jwt.csproj", "{7967A2A3-223D-4666-AFD6-6C0EE5B57100}"
EndProject
Project("{9A19103F-16F7-4668-BE54-9A1E7A4F7556}") = "Common.RabbitMQ", "..\EProductSystem\Common.RabbitMQ\Common.RabbitMQ.csproj", "{F792846D-3FB7-43FE-9839-768D861AAEF4}"
EndProject
Project("{2150E333-8FDC-42A3-9474-1A3956D46DE8}") = "YCodeBlogs", "YCodeBlogs", "{65B7202E-0D84-4476-ACEE-0CF56D658ECE}"
EndProject
Project("{9A19103F-16F7-4668-BE54-9A1E7A4F7556}") = "Joker.Net.MyBlog", "..\YCodeBlogSystem\Joker.Net.MyBlog\Joker.Net.MyBlog.csproj", "{2EC61CF1-5774-49FC-8324-55638EBE278F}"
EndProject
Project("{9A19103F-16F7-4668-BE54-9A1E7A4F7556}") = "Joker.Net.Model", "..\YCodeBlogSystem\Joker.Net.Model\Joker.Net.Model.csproj", "{8A269D75-8E52-46F8-97C7-3AD658B7CD11}"
EndProject
Project("{9A19103F-16F7-4668-BE54-9A1E7A4F7556}") = "Joker.Net.EFCoreEnvironment", "..\YCodeBlogSystem\Joker.Net.EFCoreEnvironment\Joker.Net.EFCoreEnvironment.csproj", "{A9BFBD74-5110-4259-A671-F6530E16383B}"
EndProject
Project("{2150E333-8FDC-42A3-9474-1A3956D46DE8}") = "Repository", "Repository", "{3CF8E043-9E13-4B34-9CD2-CB415EE43498}"
EndProject
Project("{9A19103F-16F7-4668-BE54-9A1E7A4F7556}") = "Joker.Net.IBaseRepository", "..\YCodeBlogSystem\Joker.Net.IBaseRepository\Joker.Net.IBaseRepository.csproj", "{F48BB5AC-44B9-40C7-8DB5-2010F89160A9}"
EndProject
Project("{9A19103F-16F7-4668-BE54-9A1E7A4F7556}") = "Joker.Net.BaseRepository", "..\YCodeBlogSystem\Joker.Net.BaseRepository\Joker.Net.BaseRepository.csproj", "{50922928-C719-4C6A-80B3-D9AF24908B8A}"
EndProject
Project("{2150E333-8FDC-42A3-9474-1A3956D46DE8}") = "Services", "Services", "{08F18B73-F6D4-40AC-8FC0-ECB015665D6E}"
EndProject
Project("{9A19103F-16F7-4668-BE54-9A1E7A4F7556}") = "Joker.Net.BaseService", "..\YCodeBlogSystem\Joker.Net.BaseService\Joker.Net.BaseService.csproj", "{D207A7A3-FB3C-4E44-B36B-67174F41B885}"
EndProject
Project("{9A19103F-16F7-4668-BE54-9A1E7A4F7556}") = "Joker.Net.IBaseService", "..\YCodeBlogSystem\Joker.Net.IBaseService\Joker.Net.IBaseService.csproj", "{8B55A029-FAA4-4E7D-BCE8-0B72EB285B5E}"
EndProject
Project("{9A19103F-16F7-4668-BE54-9A1E7A4F7556}") = "Joker.Net.Utility", "..\YCodeBlogSystem\Joker.Net.Utility\Joker.Net.Utility.csproj", "{863E52B1-6EF7-4C9A-8AFF-A7E4E0AA00CA}"
EndProject
Project("{2150E333-8FDC-42A3-9474-1A3956D46DE8}") = "Cart", "Cart", "{230F8898-5994-499D-84D0-7414E2890BC9}"
EndProject
Project("{FAE04EC0-301F-11D3-BF4B-00C04F79EFBC}") = "Cart.Infrastructure", "..\EProductSystem\Cart.Infrastructure\Cart.Infrastructure.csproj", "{3258A529-8807-464F-A355-B924A0933E72}"
EndProject
Project("{FAE04EC0-301F-11D3-BF4B-00C04F79EFBC}") = "Cart.Domain", "..\EProductSystem\Cart.Domain\Cart.Domain.csproj", "{0818939E-EB4E-426D-9409-D04BBF1055EA}"
EndProject
Project("{FAE04EC0-301F-11D3-BF4B-00C04F79EFBC}") = "Cart.WebAPI", "..\EProductSystem\Cart.WebAPI\Cart.WebAPI.csproj", "{C27EB77C-4608-4CCC-945E-56CC7CB2F4DD}"
EndProject
Project("{2150E333-8FDC-42A3-9474-1A3956D46DE8}") = "Order", "Order", "{6B66CB8A-A839-4D8E-B80F-800B57590280}"
EndProject
Project("{2150E333-8FDC-42A3-9474-1A3956D46DE8}") = "Payment", "Payment", "{3AC10160-3E81-4EAE-A6C0-665794956E5B}"
EndProject
Project("{FAE04EC0-301F-11D3-BF4B-00C04F79EFBC}") = "Common.Alipay", "..\EProductSystem\Common.Alipay\Common.Alipay.csproj", "{75D66A79-534E-415A-A930-944082D6206F}"
EndProject
Project("{FAE04EC0-301F-11D3-BF4B-00C04F79EFBC}") = "Payment.WebAPI", "..\EProductSystem\Payment.WebAPI\Payment.WebAPI.csproj", "{57BC70AA-6CC4-4C1F-A60C-628A346B359E}"
EndProject
Global
	GlobalSection(SolutionConfigurationPlatforms) = preSolution
		Debug|Any CPU = Debug|Any CPU
		Release|Any CPU = Release|Any CPU
	EndGlobalSection
	GlobalSection(ProjectConfigurationPlatforms) = postSolution
		{E57F313F-AA50-4374-97B6-6938BB7F13A5}.Debug|Any CPU.ActiveCfg = Debug|Any CPU
		{E57F313F-AA50-4374-97B6-6938BB7F13A5}.Debug|Any CPU.Build.0 = Debug|Any CPU
		{E57F313F-AA50-4374-97B6-6938BB7F13A5}.Release|Any CPU.ActiveCfg = Release|Any CPU
		{E57F313F-AA50-4374-97B6-6938BB7F13A5}.Release|Any CPU.Build.0 = Release|Any CPU
		{85D48980-2A4D-41FF-B1D3-6AD9F0FB68A8}.Debug|Any CPU.ActiveCfg = Debug|Any CPU
		{85D48980-2A4D-41FF-B1D3-6AD9F0FB68A8}.Debug|Any CPU.Build.0 = Debug|Any CPU
		{85D48980-2A4D-41FF-B1D3-6AD9F0FB68A8}.Release|Any CPU.ActiveCfg = Release|Any CPU
		{85D48980-2A4D-41FF-B1D3-6AD9F0FB68A8}.Release|Any CPU.Build.0 = Release|Any CPU
		{C0DC2C21-D916-4BED-93A3-28B76A7B3A45}.Debug|Any CPU.ActiveCfg = Debug|Any CPU
		{C0DC2C21-D916-4BED-93A3-28B76A7B3A45}.Debug|Any CPU.Build.0 = Debug|Any CPU
		{C0DC2C21-D916-4BED-93A3-28B76A7B3A45}.Release|Any CPU.ActiveCfg = Release|Any CPU
		{C0DC2C21-D916-4BED-93A3-28B76A7B3A45}.Release|Any CPU.Build.0 = Release|Any CPU
		{BF376781-0888-4E59-8048-EDA8D8359007}.Debug|Any CPU.ActiveCfg = Debug|Any CPU
		{BF376781-0888-4E59-8048-EDA8D8359007}.Debug|Any CPU.Build.0 = Debug|Any CPU
		{BF376781-0888-4E59-8048-EDA8D8359007}.Release|Any CPU.ActiveCfg = Release|Any CPU
		{BF376781-0888-4E59-8048-EDA8D8359007}.Release|Any CPU.Build.0 = Release|Any CPU
		{CAF972D6-0278-440A-B643-8CABDBFF0DBE}.Debug|Any CPU.ActiveCfg = Debug|Any CPU
		{CAF972D6-0278-440A-B643-8CABDBFF0DBE}.Debug|Any CPU.Build.0 = Debug|Any CPU
		{CAF972D6-0278-440A-B643-8CABDBFF0DBE}.Release|Any CPU.ActiveCfg = Release|Any CPU
		{CAF972D6-0278-440A-B643-8CABDBFF0DBE}.Release|Any CPU.Build.0 = Release|Any CPU
		{6C2BC74F-8AB7-42B2-8AC3-208917787E50}.Debug|Any CPU.ActiveCfg = Debug|Any CPU
		{6C2BC74F-8AB7-42B2-8AC3-208917787E50}.Debug|Any CPU.Build.0 = Debug|Any CPU
		{6C2BC74F-8AB7-42B2-8AC3-208917787E50}.Release|Any CPU.ActiveCfg = Release|Any CPU
		{6C2BC74F-8AB7-42B2-8AC3-208917787E50}.Release|Any CPU.Build.0 = Release|Any CPU
		{306A3CC5-446D-4425-B055-C42595440A12}.Debug|Any CPU.ActiveCfg = Debug|Any CPU
		{306A3CC5-446D-4425-B055-C42595440A12}.Debug|Any CPU.Build.0 = Debug|Any CPU
		{306A3CC5-446D-4425-B055-C42595440A12}.Release|Any CPU.ActiveCfg = Release|Any CPU
		{306A3CC5-446D-4425-B055-C42595440A12}.Release|Any CPU.Build.0 = Release|Any CPU
		{0D15DF9C-74E2-442A-85C9-024D5A203631}.Debug|Any CPU.ActiveCfg = Debug|Any CPU
		{0D15DF9C-74E2-442A-85C9-024D5A203631}.Debug|Any CPU.Build.0 = Debug|Any CPU
		{0D15DF9C-74E2-442A-85C9-024D5A203631}.Release|Any CPU.ActiveCfg = Release|Any CPU
		{0D15DF9C-74E2-442A-85C9-024D5A203631}.Release|Any CPU.Build.0 = Release|Any CPU
		{A99BC844-5C6F-471C-AEE0-C3B7D956B3AB}.Debug|Any CPU.ActiveCfg = Debug|Any CPU
		{A99BC844-5C6F-471C-AEE0-C3B7D956B3AB}.Debug|Any CPU.Build.0 = Debug|Any CPU
		{A99BC844-5C6F-471C-AEE0-C3B7D956B3AB}.Release|Any CPU.ActiveCfg = Release|Any CPU
		{A99BC844-5C6F-471C-AEE0-C3B7D956B3AB}.Release|Any CPU.Build.0 = Release|Any CPU
		{E22CAA35-EE7D-4B4D-9F87-BAE556026285}.Debug|Any CPU.ActiveCfg = Debug|Any CPU
		{E22CAA35-EE7D-4B4D-9F87-BAE556026285}.Debug|Any CPU.Build.0 = Debug|Any CPU
		{E22CAA35-EE7D-4B4D-9F87-BAE556026285}.Release|Any CPU.ActiveCfg = Release|Any CPU
		{E22CAA35-EE7D-4B4D-9F87-BAE556026285}.Release|Any CPU.Build.0 = Release|Any CPU
		{0FECE6A7-DC93-4852-ADF7-044AF6606E2C}.Debug|Any CPU.ActiveCfg = Debug|Any CPU
		{0FECE6A7-DC93-4852-ADF7-044AF6606E2C}.Debug|Any CPU.Build.0 = Debug|Any CPU
		{0FECE6A7-DC93-4852-ADF7-044AF6606E2C}.Release|Any CPU.ActiveCfg = Release|Any CPU
		{0FECE6A7-DC93-4852-ADF7-044AF6606E2C}.Release|Any CPU.Build.0 = Release|Any CPU
		{377E228F-922E-4E1D-AB5E-049C7D7BE8F1}.Debug|Any CPU.ActiveCfg = Debug|Any CPU
		{377E228F-922E-4E1D-AB5E-049C7D7BE8F1}.Debug|Any CPU.Build.0 = Debug|Any CPU
		{377E228F-922E-4E1D-AB5E-049C7D7BE8F1}.Release|Any CPU.ActiveCfg = Release|Any CPU
		{377E228F-922E-4E1D-AB5E-049C7D7BE8F1}.Release|Any CPU.Build.0 = Release|Any CPU
		{953F1396-951D-46AA-B822-800D2DF6C2B6}.Debug|Any CPU.ActiveCfg = Debug|Any CPU
		{953F1396-951D-46AA-B822-800D2DF6C2B6}.Debug|Any CPU.Build.0 = Debug|Any CPU
		{953F1396-951D-46AA-B822-800D2DF6C2B6}.Release|Any CPU.ActiveCfg = Release|Any CPU
		{953F1396-951D-46AA-B822-800D2DF6C2B6}.Release|Any CPU.Build.0 = Release|Any CPU
		{7967A2A3-223D-4666-AFD6-6C0EE5B57100}.Debug|Any CPU.ActiveCfg = Debug|Any CPU
		{7967A2A3-223D-4666-AFD6-6C0EE5B57100}.Debug|Any CPU.Build.0 = Debug|Any CPU
		{7967A2A3-223D-4666-AFD6-6C0EE5B57100}.Release|Any CPU.ActiveCfg = Release|Any CPU
		{7967A2A3-223D-4666-AFD6-6C0EE5B57100}.Release|Any CPU.Build.0 = Release|Any CPU
		{F792846D-3FB7-43FE-9839-768D861AAEF4}.Debug|Any CPU.ActiveCfg = Debug|Any CPU
		{F792846D-3FB7-43FE-9839-768D861AAEF4}.Debug|Any CPU.Build.0 = Debug|Any CPU
		{F792846D-3FB7-43FE-9839-768D861AAEF4}.Release|Any CPU.ActiveCfg = Release|Any CPU
		{F792846D-3FB7-43FE-9839-768D861AAEF4}.Release|Any CPU.Build.0 = Release|Any CPU
		{2EC61CF1-5774-49FC-8324-55638EBE278F}.Debug|Any CPU.ActiveCfg = Debug|Any CPU
		{2EC61CF1-5774-49FC-8324-55638EBE278F}.Debug|Any CPU.Build.0 = Debug|Any CPU
		{2EC61CF1-5774-49FC-8324-55638EBE278F}.Release|Any CPU.ActiveCfg = Release|Any CPU
		{2EC61CF1-5774-49FC-8324-55638EBE278F}.Release|Any CPU.Build.0 = Release|Any CPU
		{8A269D75-8E52-46F8-97C7-3AD658B7CD11}.Debug|Any CPU.ActiveCfg = Debug|Any CPU
		{8A269D75-8E52-46F8-97C7-3AD658B7CD11}.Debug|Any CPU.Build.0 = Debug|Any CPU
		{8A269D75-8E52-46F8-97C7-3AD658B7CD11}.Release|Any CPU.ActiveCfg = Release|Any CPU
		{8A269D75-8E52-46F8-97C7-3AD658B7CD11}.Release|Any CPU.Build.0 = Release|Any CPU
		{A9BFBD74-5110-4259-A671-F6530E16383B}.Debug|Any CPU.ActiveCfg = Debug|Any CPU
		{A9BFBD74-5110-4259-A671-F6530E16383B}.Debug|Any CPU.Build.0 = Debug|Any CPU
		{A9BFBD74-5110-4259-A671-F6530E16383B}.Release|Any CPU.ActiveCfg = Release|Any CPU
		{A9BFBD74-5110-4259-A671-F6530E16383B}.Release|Any CPU.Build.0 = Release|Any CPU
		{F48BB5AC-44B9-40C7-8DB5-2010F89160A9}.Debug|Any CPU.ActiveCfg = Debug|Any CPU
		{F48BB5AC-44B9-40C7-8DB5-2010F89160A9}.Debug|Any CPU.Build.0 = Debug|Any CPU
		{F48BB5AC-44B9-40C7-8DB5-2010F89160A9}.Release|Any CPU.ActiveCfg = Release|Any CPU
		{F48BB5AC-44B9-40C7-8DB5-2010F89160A9}.Release|Any CPU.Build.0 = Release|Any CPU
		{50922928-C719-4C6A-80B3-D9AF24908B8A}.Debug|Any CPU.ActiveCfg = Debug|Any CPU
		{50922928-C719-4C6A-80B3-D9AF24908B8A}.Debug|Any CPU.Build.0 = Debug|Any CPU
		{50922928-C719-4C6A-80B3-D9AF24908B8A}.Release|Any CPU.ActiveCfg = Release|Any CPU
		{50922928-C719-4C6A-80B3-D9AF24908B8A}.Release|Any CPU.Build.0 = Release|Any CPU
		{D207A7A3-FB3C-4E44-B36B-67174F41B885}.Debug|Any CPU.ActiveCfg = Debug|Any CPU
		{D207A7A3-FB3C-4E44-B36B-67174F41B885}.Debug|Any CPU.Build.0 = Debug|Any CPU
		{D207A7A3-FB3C-4E44-B36B-67174F41B885}.Release|Any CPU.ActiveCfg = Release|Any CPU
		{D207A7A3-FB3C-4E44-B36B-67174F41B885}.Release|Any CPU.Build.0 = Release|Any CPU
		{8B55A029-FAA4-4E7D-BCE8-0B72EB285B5E}.Debug|Any CPU.ActiveCfg = Debug|Any CPU
		{8B55A029-FAA4-4E7D-BCE8-0B72EB285B5E}.Debug|Any CPU.Build.0 = Debug|Any CPU
		{8B55A029-FAA4-4E7D-BCE8-0B72EB285B5E}.Release|Any CPU.ActiveCfg = Release|Any CPU
		{8B55A029-FAA4-4E7D-BCE8-0B72EB285B5E}.Release|Any CPU.Build.0 = Release|Any CPU
		{863E52B1-6EF7-4C9A-8AFF-A7E4E0AA00CA}.Debug|Any CPU.ActiveCfg = Debug|Any CPU
		{863E52B1-6EF7-4C9A-8AFF-A7E4E0AA00CA}.Debug|Any CPU.Build.0 = Debug|Any CPU
		{863E52B1-6EF7-4C9A-8AFF-A7E4E0AA00CA}.Release|Any CPU.ActiveCfg = Release|Any CPU
		{863E52B1-6EF7-4C9A-8AFF-A7E4E0AA00CA}.Release|Any CPU.Build.0 = Release|Any CPU
		{3258A529-8807-464F-A355-B924A0933E72}.Debug|Any CPU.ActiveCfg = Debug|Any CPU
		{3258A529-8807-464F-A355-B924A0933E72}.Debug|Any CPU.Build.0 = Debug|Any CPU
		{3258A529-8807-464F-A355-B924A0933E72}.Release|Any CPU.ActiveCfg = Release|Any CPU
		{3258A529-8807-464F-A355-B924A0933E72}.Release|Any CPU.Build.0 = Release|Any CPU
		{0818939E-EB4E-426D-9409-D04BBF1055EA}.Debug|Any CPU.ActiveCfg = Debug|Any CPU
		{0818939E-EB4E-426D-9409-D04BBF1055EA}.Debug|Any CPU.Build.0 = Debug|Any CPU
		{0818939E-EB4E-426D-9409-D04BBF1055EA}.Release|Any CPU.ActiveCfg = Release|Any CPU
		{0818939E-EB4E-426D-9409-D04BBF1055EA}.Release|Any CPU.Build.0 = Release|Any CPU
		{C27EB77C-4608-4CCC-945E-56CC7CB2F4DD}.Debug|Any CPU.ActiveCfg = Debug|Any CPU
		{C27EB77C-4608-4CCC-945E-56CC7CB2F4DD}.Debug|Any CPU.Build.0 = Debug|Any CPU
		{C27EB77C-4608-4CCC-945E-56CC7CB2F4DD}.Release|Any CPU.ActiveCfg = Release|Any CPU
		{C27EB77C-4608-4CCC-945E-56CC7CB2F4DD}.Release|Any CPU.Build.0 = Release|Any CPU
		{75D66A79-534E-415A-A930-944082D6206F}.Debug|Any CPU.ActiveCfg = Debug|Any CPU
		{75D66A79-534E-415A-A930-944082D6206F}.Debug|Any CPU.Build.0 = Debug|Any CPU
		{75D66A79-534E-415A-A930-944082D6206F}.Release|Any CPU.ActiveCfg = Release|Any CPU
		{75D66A79-534E-415A-A930-944082D6206F}.Release|Any CPU.Build.0 = Release|Any CPU
		{57BC70AA-6CC4-4C1F-A60C-628A346B359E}.Debug|Any CPU.ActiveCfg = Debug|Any CPU
		{57BC70AA-6CC4-4C1F-A60C-628A346B359E}.Debug|Any CPU.Build.0 = Debug|Any CPU
		{57BC70AA-6CC4-4C1F-A60C-628A346B359E}.Release|Any CPU.ActiveCfg = Release|Any CPU
		{57BC70AA-6CC4-4C1F-A60C-628A346B359E}.Release|Any CPU.Build.0 = Release|Any CPU
	EndGlobalSection
	GlobalSection(SolutionProperties) = preSolution
		HideSolutionNode = FALSE
	EndGlobalSection
	GlobalSection(NestedProjects) = preSolution
		{E57F313F-AA50-4374-97B6-6938BB7F13A5} = {C0BE8942-6725-4701-9463-BBB3F8C06D53}
		{85D48980-2A4D-41FF-B1D3-6AD9F0FB68A8} = {C0BE8942-6725-4701-9463-BBB3F8C06D53}
		{C0DC2C21-D916-4BED-93A3-28B76A7B3A45} = {C0BE8942-6725-4701-9463-BBB3F8C06D53}
		{BF376781-0888-4E59-8048-EDA8D8359007} = {C0BE8942-6725-4701-9463-BBB3F8C06D53}
		{CAF972D6-0278-440A-B643-8CABDBFF0DBE} = {C0BE8942-6725-4701-9463-BBB3F8C06D53}
		{6C2BC74F-8AB7-42B2-8AC3-208917787E50} = {C0BE8942-6725-4701-9463-BBB3F8C06D53}
		{306A3CC5-446D-4425-B055-C42595440A12} = {C0BE8942-6725-4701-9463-BBB3F8C06D53}
		{0D15DF9C-74E2-442A-85C9-024D5A203631} = {92F6EE5D-B2A3-4786-9FF2-91F7015D7A20}
		{A99BC844-5C6F-471C-AEE0-C3B7D956B3AB} = {92F6EE5D-B2A3-4786-9FF2-91F7015D7A20}
		{E22CAA35-EE7D-4B4D-9F87-BAE556026285} = {92F6EE5D-B2A3-4786-9FF2-91F7015D7A20}
		{1FFA99E9-CA5B-4C91-A779-9564BAD98A17} = {EBF9396F-5BF1-4DEF-938A-6999A492012E}
		{92F6EE5D-B2A3-4786-9FF2-91F7015D7A20} = {EBF9396F-5BF1-4DEF-938A-6999A492012E}
		{0FECE6A7-DC93-4852-ADF7-044AF6606E2C} = {1FFA99E9-CA5B-4C91-A779-9564BAD98A17}
		{377E228F-922E-4E1D-AB5E-049C7D7BE8F1} = {1FFA99E9-CA5B-4C91-A779-9564BAD98A17}
		{953F1396-951D-46AA-B822-800D2DF6C2B6} = {1FFA99E9-CA5B-4C91-A779-9564BAD98A17}
		{F9D034ED-814E-4D11-9168-5096568553B5} = {EBF9396F-5BF1-4DEF-938A-6999A492012E}
		{7967A2A3-223D-4666-AFD6-6C0EE5B57100} = {F9D034ED-814E-4D11-9168-5096568553B5}
		{F792846D-3FB7-43FE-9839-768D861AAEF4} = {F9D034ED-814E-4D11-9168-5096568553B5}
		{2EC61CF1-5774-49FC-8324-55638EBE278F} = {65B7202E-0D84-4476-ACEE-0CF56D658ECE}
		{8A269D75-8E52-46F8-97C7-3AD658B7CD11} = {65B7202E-0D84-4476-ACEE-0CF56D658ECE}
		{A9BFBD74-5110-4259-A671-F6530E16383B} = {65B7202E-0D84-4476-ACEE-0CF56D658ECE}
		{3CF8E043-9E13-4B34-9CD2-CB415EE43498} = {65B7202E-0D84-4476-ACEE-0CF56D658ECE}
		{F48BB5AC-44B9-40C7-8DB5-2010F89160A9} = {3CF8E043-9E13-4B34-9CD2-CB415EE43498}
		{50922928-C719-4C6A-80B3-D9AF24908B8A} = {3CF8E043-9E13-4B34-9CD2-CB415EE43498}
		{08F18B73-F6D4-40AC-8FC0-ECB015665D6E} = {65B7202E-0D84-4476-ACEE-0CF56D658ECE}
		{D207A7A3-FB3C-4E44-B36B-67174F41B885} = {08F18B73-F6D4-40AC-8FC0-ECB015665D6E}
		{8B55A029-FAA4-4E7D-BCE8-0B72EB285B5E} = {08F18B73-F6D4-40AC-8FC0-ECB015665D6E}
		{863E52B1-6EF7-4C9A-8AFF-A7E4E0AA00CA} = {65B7202E-0D84-4476-ACEE-0CF56D658ECE}
		{230F8898-5994-499D-84D0-7414E2890BC9} = {EBF9396F-5BF1-4DEF-938A-6999A492012E}
		{3258A529-8807-464F-A355-B924A0933E72} = {230F8898-5994-499D-84D0-7414E2890BC9}
		{0818939E-EB4E-426D-9409-D04BBF1055EA} = {230F8898-5994-499D-84D0-7414E2890BC9}
		{C27EB77C-4608-4CCC-945E-56CC7CB2F4DD} = {230F8898-5994-499D-84D0-7414E2890BC9}
		{6B66CB8A-A839-4D8E-B80F-800B57590280} = {EBF9396F-5BF1-4DEF-938A-6999A492012E}
		{3AC10160-3E81-4EAE-A6C0-665794956E5B} = {EBF9396F-5BF1-4DEF-938A-6999A492012E}
		{75D66A79-534E-415A-A930-944082D6206F} = {F9D034ED-814E-4D11-9168-5096568553B5}
		{57BC70AA-6CC4-4C1F-A60C-628A346B359E} = {3AC10160-3E81-4EAE-A6C0-665794956E5B}
	EndGlobalSection
	GlobalSection(ExtensibilityGlobals) = postSolution
		SolutionGuid = {42A8C8AD-B81A-4791-A447-F3A021C89436}
	EndGlobalSection
EndGlobal
